
Microsoft Visual Studio Solution File, Format Version 12.00
# Visual Studio Version 17
VisualStudioVersion = 17.0.31423.177
MinimumVisualStudioVersion = 10.0.40219.1
Project("{FAE04EC0-301F-11D3-BF4B-00C04F79EFBC}") = "Mapping_Tools.Desktop", "Mapping_Tools.Desktop\Mapping_Tools.Desktop.csproj", "{976B6ED8-2B2F-461C-B85B-16B49DE56281}"
EndProject
Project("{2150E333-8FDC-42A3-9474-1A3956D46DE8}") = "Solution Items", "Solution Items", "{C8A9754B-0E86-4DD3-AD0F-CC7F3B50587B}"
	ProjectSection(SolutionItems) = preProject
		.editorconfig = .editorconfig
	EndProjectSection
EndProject
Project("{FAE04EC0-301F-11D3-BF4B-00C04F79EFBC}") = "Mapping_Tools.Core", "Mapping_Tools.Core\Mapping_Tools.Core.csproj", "{49AF70DF-57B6-4858-A198-ECB6A022CD56}"
EndProject
Project("{FAE04EC0-301F-11D3-BF4B-00C04F79EFBC}") = "Mapping_Tools.Application", "Mapping_Tools.Application\Mapping_Tools.Application.csproj", "{D6A368AD-33B0-4E52-B2E8-ED2615E1FEE4}"
EndProject
Project("{FAE04EC0-301F-11D3-BF4B-00C04F79EFBC}") = "Mapping_Tools.Infrastructure", "Mapping_Tools.Infrastructure\Mapping_Tools.Infrastructure.csproj", "{BD6E882F-1CAA-4D18-B012-ECFA5A32E54F}"
EndProject
Project("{FAE04EC0-301F-11D3-BF4B-00C04F79EFBC}") = "Mapping_Tools.Core.Tests", "Mapping_Tools.Core.Tests\Mapping_Tools.Core.Tests.csproj", "{96E63447-ECF5-4F1E-AA63-DD525B4FEA86}"
EndProject
Project("{FAE04EC0-301F-11D3-BF4B-00C04F79EFBC}") = "Mapping_Tools.Architecture.Tests", "Mapping_Tools.Architecture.Tests\Mapping_Tools.Architecture.Tests.csproj", "{116AAB91-A4AC-463B-B0FB-F1A5557FB131}"
EndProject
Project("{FAE04EC0-301F-11D3-BF4B-00C04F79EFBC}") = "Mapping_Tools.Application.Tests", "Mapping_Tools.Application.Tests\Mapping_Tools.Application.Tests.csproj", "{F8D27966-2EC3-4231-BAF3-41E05D786E38}"
EndProject
Project("{FAE04EC0-301F-11D3-BF4B-00C04F79EFBC}") = "Mapping_Tools.Desktop.Tests", "Mapping_Tools.Desktop.Tests\Mapping_Tools.Desktop.Tests.csproj", "{A0B6D0E9-2368-4D77-A3A0-7D6F3AFB2A8B}"
EndProject
Project("{FAE04EC0-301F-11D3-BF4B-00C04F79EFBC}") = "Mapping_Tools.Infrastructure.Tests", "Mapping_Tools.Infrastructure.Tests\Mapping_Tools.Infrastructure.Tests.csproj", "{D4D6D7D5-4E12-4F52-AFC0-1EFB7D0D7F18}"
EndProject
Global
	GlobalSection(SolutionConfigurationPlatforms) = preSolution
		Debug|Any CPU = Debug|Any CPU
		Debug|x64 = Debug|x64
		Debug|x86 = Debug|x86
		Release|Any CPU = Release|Any CPU
		Release|x64 = Release|x64
		Release|x86 = Release|x86
	EndGlobalSection
	GlobalSection(ProjectConfigurationPlatforms) = postSolution
		{976B6ED8-2B2F-461C-B85B-16B49DE56281}.Debug|Any CPU.ActiveCfg = Debug|Any CPU
		{976B6ED8-2B2F-461C-B85B-16B49DE56281}.Debug|Any CPU.Build.0 = Debug|Any CPU
		{976B6ED8-2B2F-461C-B85B-16B49DE56281}.Debug|x64.ActiveCfg = Debug|Any CPU
		{976B6ED8-2B2F-461C-B85B-16B49DE56281}.Debug|x64.Build.0 = Debug|Any CPU
		{976B6ED8-2B2F-461C-B85B-16B49DE56281}.Debug|x86.ActiveCfg = Debug|Any CPU
		{976B6ED8-2B2F-461C-B85B-16B49DE56281}.Debug|x86.Build.0 = Debug|Any CPU
		{976B6ED8-2B2F-461C-B85B-16B49DE56281}.Release|Any CPU.ActiveCfg = Release|Any CPU
		{976B6ED8-2B2F-461C-B85B-16B49DE56281}.Release|Any CPU.Build.0 = Release|Any CPU
		{976B6ED8-2B2F-461C-B85B-16B49DE56281}.Release|x64.ActiveCfg = Release|Any CPU
		{976B6ED8-2B2F-461C-B85B-16B49DE56281}.Release|x64.Build.0 = Release|Any CPU
		{976B6ED8-2B2F-461C-B85B-16B49DE56281}.Release|x86.ActiveCfg = Release|Any CPU
		{976B6ED8-2B2F-461C-B85B-16B49DE56281}.Release|x86.Build.0 = Release|Any CPU
		{49AF70DF-57B6-4858-A198-ECB6A022CD56}.Debug|Any CPU.ActiveCfg = Debug|Any CPU
		{49AF70DF-57B6-4858-A198-ECB6A022CD56}.Debug|Any CPU.Build.0 = Debug|Any CPU
		{49AF70DF-57B6-4858-A198-ECB6A022CD56}.Debug|x64.ActiveCfg = Debug|Any CPU
		{49AF70DF-57B6-4858-A198-ECB6A022CD56}.Debug|x64.Build.0 = Debug|Any CPU
		{49AF70DF-57B6-4858-A198-ECB6A022CD56}.Debug|x86.ActiveCfg = Debug|Any CPU
		{49AF70DF-57B6-4858-A198-ECB6A022CD56}.Debug|x86.Build.0 = Debug|Any CPU
		{49AF70DF-57B6-4858-A198-ECB6A022CD56}.Release|Any CPU.ActiveCfg = Release|Any CPU
		{49AF70DF-57B6-4858-A198-ECB6A022CD56}.Release|Any CPU.Build.0 = Release|Any CPU
		{49AF70DF-57B6-4858-A198-ECB6A022CD56}.Release|x64.ActiveCfg = Release|Any CPU
		{49AF70DF-57B6-4858-A198-ECB6A022CD56}.Release|x64.Build.0 = Release|Any CPU
		{49AF70DF-57B6-4858-A198-ECB6A022CD56}.Release|x86.ActiveCfg = Release|Any CPU
		{49AF70DF-57B6-4858-A198-ECB6A022CD56}.Release|x86.Build.0 = Release|Any CPU
		{D6A368AD-33B0-4E52-B2E8-ED2615E1FEE4}.Debug|Any CPU.ActiveCfg = Debug|Any CPU
		{D6A368AD-33B0-4E52-B2E8-ED2615E1FEE4}.Debug|Any CPU.Build.0 = Debug|Any CPU
		{D6A368AD-33B0-4E52-B2E8-ED2615E1FEE4}.Debug|x64.ActiveCfg = Debug|Any CPU
		{D6A368AD-33B0-4E52-B2E8-ED2615E1FEE4}.Debug|x64.Build.0 = Debug|Any CPU
		{D6A368AD-33B0-4E52-B2E8-ED2615E1FEE4}.Debug|x86.ActiveCfg = Debug|Any CPU
		{D6A368AD-33B0-4E52-B2E8-ED2615E1FEE4}.Debug|x86.Build.0 = Debug|Any CPU
		{D6A368AD-33B0-4E52-B2E8-ED2615E1FEE4}.Release|Any CPU.ActiveCfg = Release|Any CPU
		{D6A368AD-33B0-4E52-B2E8-ED2615E1FEE4}.Release|Any CPU.Build.0 = Release|Any CPU
		{D6A368AD-33B0-4E52-B2E8-ED2615E1FEE4}.Release|x64.ActiveCfg = Release|Any CPU
		{D6A368AD-33B0-4E52-B2E8-ED2615E1FEE4}.Release|x64.Build.0 = Release|Any CPU
		{D6A368AD-33B0-4E52-B2E8-ED2615E1FEE4}.Release|x86.ActiveCfg = Release|Any CPU
		{D6A368AD-33B0-4E52-B2E8-ED2615E1FEE4}.Release|x86.Build.0 = Release|Any CPU
		{BD6E882F-1CAA-4D18-B012-ECFA5A32E54F}.Debug|Any CPU.ActiveCfg = Debug|Any CPU
		{BD6E882F-1CAA-4D18-B012-ECFA5A32E54F}.Debug|Any CPU.Build.0 = Debug|Any CPU
		{BD6E882F-1CAA-4D18-B012-ECFA5A32E54F}.Debug|x64.ActiveCfg = Debug|Any CPU
		{BD6E882F-1CAA-4D18-B012-ECFA5A32E54F}.Debug|x64.Build.0 = Debug|Any CPU
		{BD6E882F-1CAA-4D18-B012-ECFA5A32E54F}.Debug|x86.ActiveCfg = Debug|Any CPU
		{BD6E882F-1CAA-4D18-B012-ECFA5A32E54F}.Debug|x86.Build.0 = Debug|Any CPU
		{BD6E882F-1CAA-4D18-B012-ECFA5A32E54F}.Release|Any CPU.ActiveCfg = Release|Any CPU
		{BD6E882F-1CAA-4D18-B012-ECFA5A32E54F}.Release|Any CPU.Build.0 = Release|Any CPU
		{BD6E882F-1CAA-4D18-B012-ECFA5A32E54F}.Release|x64.ActiveCfg = Release|Any CPU
		{BD6E882F-1CAA-4D18-B012-ECFA5A32E54F}.Release|x64.Build.0 = Release|Any CPU
		{BD6E882F-1CAA-4D18-B012-ECFA5A32E54F}.Release|x86.ActiveCfg = Release|Any CPU
		{BD6E882F-1CAA-4D18-B012-ECFA5A32E54F}.Release|x86.Build.0 = Release|Any CPU
		{96E63447-ECF5-4F1E-AA63-DD525B4FEA86}.Debug|Any CPU.ActiveCfg = Debug|Any CPU
		{96E63447-ECF5-4F1E-AA63-DD525B4FEA86}.Debug|Any CPU.Build.0 = Debug|Any CPU
		{96E63447-ECF5-4F1E-AA63-DD525B4FEA86}.Debug|x64.ActiveCfg = Debug|Any CPU
		{96E63447-ECF5-4F1E-AA63-DD525B4FEA86}.Debug|x64.Build.0 = Debug|Any CPU
		{96E63447-ECF5-4F1E-AA63-DD525B4FEA86}.Debug|x86.ActiveCfg = Debug|Any CPU
		{96E63447-ECF5-4F1E-AA63-DD525B4FEA86}.Debug|x86.Build.0 = Debug|Any CPU
		{96E63447-ECF5-4F1E-AA63-DD525B4FEA86}.Release|Any CPU.ActiveCfg = Release|Any CPU
		{96E63447-ECF5-4F1E-AA63-DD525B4FEA86}.Release|Any CPU.Build.0 = Release|Any CPU
		{96E63447-ECF5-4F1E-AA63-DD525B4FEA86}.Release|x64.ActiveCfg = Release|Any CPU
		{96E63447-ECF5-4F1E-AA63-DD525B4FEA86}.Release|x64.Build.0 = Release|Any CPU
		{96E63447-ECF5-4F1E-AA63-DD525B4FEA86}.Release|x86.ActiveCfg = Release|Any CPU
		{96E63447-ECF5-4F1E-AA63-DD525B4FEA86}.Release|x86.Build.0 = Release|Any CPU
		{116AAB91-A4AC-463B-B0FB-F1A5557FB131}.Debug|Any CPU.ActiveCfg = Debug|Any CPU
		{116AAB91-A4AC-463B-B0FB-F1A5557FB131}.Debug|Any CPU.Build.0 = Debug|Any CPU
		{116AAB91-A4AC-463B-B0FB-F1A5557FB131}.Debug|x64.ActiveCfg = Debug|Any CPU
		{116AAB91-A4AC-463B-B0FB-F1A5557FB131}.Debug|x64.Build.0 = Debug|Any CPU
		{116AAB91-A4AC-463B-B0FB-F1A5557FB131}.Debug|x86.ActiveCfg = Debug|Any CPU
		{116AAB91-A4AC-463B-B0FB-F1A5557FB131}.Debug|x86.Build.0 = Debug|Any CPU
		{116AAB91-A4AC-463B-B0FB-F1A5557FB131}.Release|Any CPU.ActiveCfg = Release|Any CPU
		{116AAB91-A4AC-463B-B0FB-F1A5557FB131}.Release|Any CPU.Build.0 = Release|Any CPU
		{116AAB91-A4AC-463B-B0FB-F1A5557FB131}.Release|x64.ActiveCfg = Release|Any CPU
		{116AAB91-A4AC-463B-B0FB-F1A5557FB131}.Release|x64.Build.0 = Release|Any CPU
		{116AAB91-A4AC-463B-B0FB-F1A5557FB131}.Release|x86.ActiveCfg = Release|Any CPU
		{116AAB91-A4AC-463B-B0FB-F1A5557FB131}.Release|x86.Build.0 = Release|Any CPU
		{F8D27966-2EC3-4231-BAF3-41E05D786E38}.Debug|Any CPU.ActiveCfg = Debug|Any CPU
		{F8D27966-2EC3-4231-BAF3-41E05D786E38}.Debug|Any CPU.Build.0 = Debug|Any CPU
		{F8D27966-2EC3-4231-BAF3-41E05D786E38}.Debug|x64.ActiveCfg = Debug|Any CPU
		{F8D27966-2EC3-4231-BAF3-41E05D786E38}.Debug|x64.Build.0 = Debug|Any CPU
		{F8D27966-2EC3-4231-BAF3-41E05D786E38}.Debug|x86.ActiveCfg = Debug|Any CPU
		{F8D27966-2EC3-4231-BAF3-41E05D786E38}.Debug|x86.Build.0 = Debug|Any CPU
		{F8D27966-2EC3-4231-BAF3-41E05D786E38}.Release|Any CPU.ActiveCfg = Release|Any CPU
		{F8D27966-2EC3-4231-BAF3-41E05D786E38}.Release|Any CPU.Build.0 = Release|Any CPU
		{F8D27966-2EC3-4231-BAF3-41E05D786E38}.Release|x64.ActiveCfg = Release|Any CPU
		{F8D27966-2EC3-4231-BAF3-41E05D786E38}.Release|x64.Build.0 = Release|Any CPU
		{F8D27966-2EC3-4231-BAF3-41E05D786E38}.Release|x86.ActiveCfg = Release|Any CPU
		{F8D27966-2EC3-4231-BAF3-41E05D786E38}.Release|x86.Build.0 = Release|Any CPU
		{A0B6D0E9-2368-4D77-A3A0-7D6F3AFB2A8B}.Debug|Any CPU.ActiveCfg = Debug|Any CPU
		{A0B6D0E9-2368-4D77-A3A0-7D6F3AFB2A8B}.Debug|Any CPU.Build.0 = Debug|Any CPU
		{A0B6D0E9-2368-4D77-A3A0-7D6F3AFB2A8B}.Debug|x64.ActiveCfg = Debug|Any CPU
		{A0B6D0E9-2368-4D77-A3A0-7D6F3AFB2A8B}.Debug|x64.Build.0 = Debug|Any CPU
		{A0B6D0E9-2368-4D77-A3A0-7D6F3AFB2A8B}.Debug|x86.ActiveCfg = Debug|Any CPU
		{A0B6D0E9-2368-4D77-A3A0-7D6F3AFB2A8B}.Debug|x86.Build.0 = Debug|Any CPU
		{A0B6D0E9-2368-4D77-A3A0-7D6F3AFB2A8B}.Release|Any CPU.ActiveCfg = Release|Any CPU
		{A0B6D0E9-2368-4D77-A3A0-7D6F3AFB2A8B}.Release|Any CPU.Build.0 = Release|Any CPU
		{A0B6D0E9-2368-4D77-A3A0-7D6F3AFB2A8B}.Release|x64.ActiveCfg = Release|Any CPU
		{A0B6D0E9-2368-4D77-A3A0-7D6F3AFB2A8B}.Release|x64.Build.0 = Release|Any CPU
		{A0B6D0E9-2368-4D77-A3A0-7D6F3AFB2A8B}.Release|x86.ActiveCfg = Release|Any CPU
		{A0B6D0E9-2368-4D77-A3A0-7D6F3AFB2A8B}.Release|x86.Build.0 = Release|Any CPU
		{D4D6D7D5-4E12-4F52-AFC0-1EFB7D0D7F18}.Debug|Any CPU.ActiveCfg = Debug|Any CPU
		{D4D6D7D5-4E12-4F52-AFC0-1EFB7D0D7F18}.Debug|Any CPU.Build.0 = Debug|Any CPU
		{D4D6D7D5-4E12-4F52-AFC0-1EFB7D0D7F18}.Debug|x64.ActiveCfg = Debug|Any CPU
		{D4D6D7D5-4E12-4F52-AFC0-1EFB7D0D7F18}.Debug|x64.Build.0 = Debug|Any CPU
		{D4D6D7D5-4E12-4F52-AFC0-1EFB7D0D7F18}.Debug|x86.ActiveCfg = Debug|Any CPU
		{D4D6D7D5-4E12-4F52-AFC0-1EFB7D0D7F18}.Debug|x86.Build.0 = Debug|Any CPU
		{D4D6D7D5-4E12-4F52-AFC0-1EFB7D0D7F18}.Release|Any CPU.ActiveCfg = Release|Any CPU
		{D4D6D7D5-4E12-4F52-AFC0-1EFB7D0D7F18}.Release|Any CPU.Build.0 = Release|Any CPU
		{D4D6D7D5-4E12-4F52-AFC0-1EFB7D0D7F18}.Release|x64.ActiveCfg = Release|Any CPU
		{D4D6D7D5-4E12-4F52-AFC0-1EFB7D0D7F18}.Release|x64.Build.0 = Release|Any CPU
		{D4D6D7D5-4E12-4F52-AFC0-1EFB7D0D7F18}.Release|x86.ActiveCfg = Release|Any CPU
		{D4D6D7D5-4E12-4F52-AFC0-1EFB7D0D7F18}.Release|x86.Build.0 = Release|Any CPU
	EndGlobalSection
	GlobalSection(SolutionProperties) = preSolution
		HideSolutionNode = FALSE
	EndGlobalSection
	GlobalSection(ExtensibilityGlobals) = postSolution
		SolutionGuid = {C38FB453-FDE5-4B82-9B74-2485B979F0C9}
	EndGlobalSection
EndGlobal
